Microsoft Visual Studio Solution File, Format Version 11.00
# Visual Studio 2008

Project("{AF19E049-E9A2-A817-B57F-2F9B8B61F95A}") = "DearEsteban", "Assembly-CSharp-firstpass.csproj", "{9DA790B1-DB3F-3A3E-07C6-87FF435E7D70}"
EndProject
Project("{AF19E049-E9A2-A817-B57F-2F9B8B61F95A}") = "DearEsteban", "Assembly-CSharp.csproj", "{F3831C87-0649-C872-BA47-859439ABF180}"
EndProject
Project("{AF19E049-E9A2-A817-B57F-2F9B8B61F95A}") = "DearEsteban", "Assembly-CSharp-Editor.csproj", "{7B808937-D68D-8464-0AFF-879C81FDB210}"
EndProject
Project("{AF19E049-E9A2-A817-B57F-2F9B8B61F95A}") = "DearEsteban", "Assembly-UnityScript-firstpass.unityproj", "{8B99F0C7-7811-FE74-7941-9159C107CCB5}"
EndProject
Project("{AF19E049-E9A2-A817-B57F-2F9B8B61F95A}") = "DearEsteban", "Assembly-UnityScript.unityproj", "{BF60C2EA-15B2-E425-4B8C-0A1B5E568A7B}"
EndProject
Project("{AF19E049-E9A2-A817-B57F-2F9B8B61F95A}") = "DearEsteban", "Assembly-UnityScript-Editor.unityproj", "{20824F81-66CC-DBDA-1805-2CAFF564D21A}"
EndProject
Global
	GlobalSection(SolutionConfigurationPlatforms) = preSolution
		Debug|Any CPU = Debug|Any CPU
		Release|Any CPU = Release|Any CPU
	EndGlobalSection
	GlobalSection(ProjectConfigurationPlatforms) = postSolution
		{9DA790B1-DB3F-3A3E-07C6-87FF435E7D70}.Debug|Any CPU.ActiveCfg = Debug|Any CPU
		{9DA790B1-DB3F-3A3E-07C6-87FF435E7D70}.Debug|Any CPU.Build.0 = Debug|Any CPU
		{9DA790B1-DB3F-3A3E-07C6-87FF435E7D70}.Release|Any CPU.ActiveCfg = Release|Any CPU
		{9DA790B1-DB3F-3A3E-07C6-87FF435E7D70}.Release|Any CPU.Build.0 = Release|Any CPU
		{F3831C87-0649-C872-BA47-859439ABF180}.Debug|Any CPU.ActiveCfg = Debug|Any CPU
		{F3831C87-0649-C872-BA47-859439ABF180}.Debug|Any CPU.Build.0 = Debug|Any CPU
		{F3831C87-0649-C872-BA47-859439ABF180}.Release|Any CPU.ActiveCfg = Release|Any CPU
		{F3831C87-0649-C872-BA47-859439ABF180}.Release|Any CPU.Build.0 = Release|Any CPU
		{7B808937-D68D-8464-0AFF-879C81FDB210}.Debug|Any CPU.ActiveCfg = Debug|Any CPU
		{7B808937-D68D-8464-0AFF-879C81FDB210}.Debug|Any CPU.Build.0 = Debug|Any CPU
		{7B808937-D68D-8464-0AFF-879C81FDB210}.Release|Any CPU.ActiveCfg = Release|Any CPU
		{7B808937-D68D-8464-0AFF-879C81FDB210}.Release|Any CPU.Build.0 = Release|Any CPU
		{8B99F0C7-7811-FE74-7941-9159C107CCB5}.Debug|Any CPU.ActiveCfg = Debug|Any CPU
		{8B99F0C7-7811-FE74-7941-9159C107CCB5}.Debug|Any CPU.Build.0 = Debug|Any CPU
		{8B99F0C7-7811-FE74-7941-9159C107CCB5}.Release|Any CPU.ActiveCfg = Release|Any CPU
		{8B99F0C7-7811-FE74-7941-9159C107CCB5}.Release|Any CPU.Build.0 = Release|Any CPU
		{BF60C2EA-15B2-E425-4B8C-0A1B5E568A7B}.Debug|Any CPU.ActiveCfg = Debug|Any CPU
		{BF60C2EA-15B2-E425-4B8C-0A1B5E568A7B}.Debug|Any CPU.Build.0 = Debug|Any CPU
		{BF60C2EA-15B2-E425-4B8C-0A1B5E568A7B}.Release|Any CPU.ActiveCfg = Release|Any CPU
		{BF60C2EA-15B2-E425-4B8C-0A1B5E568A7B}.Release|Any CPU.Build.0 = Release|Any CPU
		{20824F81-66CC-DBDA-1805-2CAFF564D21A}.Debug|Any CPU.ActiveCfg = Debug|Any CPU
		{20824F81-66CC-DBDA-1805-2CAFF564D21A}.Debug|Any CPU.Build.0 = Debug|Any CPU
		{20824F81-66CC-DBDA-1805-2CAFF564D21A}.Release|Any CPU.ActiveCfg = Release|Any CPU
		{20824F81-66CC-DBDA-1805-2CAFF564D21A}.Release|Any CPU.Build.0 = Release|Any CPU
	EndGlobalSection
	GlobalSection(SolutionProperties) = preSolution
		HideSolutionNode = FALSE
	EndGlobalSection
																																		GlobalSection(MonoDevelopProperties) = preSolution
		StartupItem = Assembly-CSharp.csproj
		Policies = $0
		$0.TextStylePolicy = $1
		$1.inheritsSet = null
		$1.scope = text/x-csharp
		$0.CSharpFormattingPolicy = $2
		$2.inheritsSet = Mono
		$2.inheritsScope = text/x-csharp
		$2.scope = text/x-csharp
		$0.TextStylePolicy = $3
		$3.FileWidth = 120
		$3.TabWidth = 4
		$3.EolMarker = Unix
		$3.inheritsSet = Mono
		$3.inheritsScope = text/plain
		$3.scope = text/plain
	EndGlobalSection

EndGlobal
