Microsoft Visual Studio Solution File, Format Version 11.00
# Visual Studio 2008

Project("{AF19E049-E9A2-A817-B57F-2F9B8B61F95A}") = "DearEsteban", "Assembly-CSharp-firstpass-vs.csproj", "{9DA790B1-DB3F-3A3E-07C6-87FF435E7D70}"
EndProject
Project("{AF19E049-E9A2-A817-B57F-2F9B8B61F95A}") = "DearEsteban", "Assembly-CSharp-vs.csproj", "{F3831C87-0649-C872-BA47-859439ABF180}"
EndProject
Project("{AF19E049-E9A2-A817-B57F-2F9B8B61F95A}") = "DearEsteban", "Assembly-CSharp-Editor-vs.csproj", "{7B808937-D68D-8464-0AFF-879C81FDB210}"
EndProject
Global
	GlobalSection(SolutionConfigurationPlatforms) = preSolution
		Debug|Any CPU = Debug|Any CPU
		Release|Any CPU = Release|Any CPU
	EndGlobalSection
	GlobalSection(ProjectConfigurationPlatforms) = postSolution
		{9DA790B1-DB3F-3A3E-07C6-87FF435E7D70}.Debug|Any CPU.ActiveCfg = Debug|Any CPU
		{9DA790B1-DB3F-3A3E-07C6-87FF435E7D70}.Debug|Any CPU.Build.0 = Debug|Any CPU
		{9DA790B1-DB3F-3A3E-07C6-87FF435E7D70}.Release|Any CPU.ActiveCfg = Release|Any CPU
		{9DA790B1-DB3F-3A3E-07C6-87FF435E7D70}.Release|Any CPU.Build.0 = Release|Any CPU
		{F3831C87-0649-C872-BA47-859439ABF180}.Debug|Any CPU.ActiveCfg = Debug|Any CPU
		{F3831C87-0649-C872-BA47-859439ABF180}.Debug|Any CPU.Build.0 = Debug|Any CPU
		{F3831C87-0649-C872-BA47-859439ABF180}.Release|Any CPU.ActiveCfg = Release|Any CPU
		{F3831C87-0649-C872-BA47-859439ABF180}.Release|Any CPU.Build.0 = Release|Any CPU
		{7B808937-D68D-8464-0AFF-879C81FDB210}.Debug|Any CPU.ActiveCfg = Debug|Any CPU
		{7B808937-D68D-8464-0AFF-879C81FDB210}.Debug|Any CPU.Build.0 = Debug|Any CPU
		{7B808937-D68D-8464-0AFF-879C81FDB210}.Release|Any CPU.ActiveCfg = Release|Any CPU
		{7B808937-D68D-8464-0AFF-879C81FDB210}.Release|Any CPU.Build.0 = Release|Any CPU
	EndGlobalSection
	GlobalSection(SolutionProperties) = preSolution
		HideSolutionNode = FALSE
	EndGlobalSection
																																		GlobalSection(MonoDevelopProperties) = preSolution
		StartupItem = Assembly-CSharp.csproj
		Policies = $0
		$0.TextStylePolicy = $1
		$1.inheritsSet = null
		$1.scope = text/x-csharp
		$0.CSharpFormattingPolicy = $2
		$2.inheritsSet = Mono
		$2.inheritsScope = text/x-csharp
		$2.scope = text/x-csharp
		$0.TextStylePolicy = $3
		$3.FileWidth = 120
		$3.TabWidth = 4
		$3.EolMarker = Unix
		$3.inheritsSet = Mono
		$3.inheritsScope = text/plain
		$3.scope = text/plain
	EndGlobalSection

EndGlobal
